
Microsoft Visual Studio Solution File, Format Version 12.00
# Visual Studio Version 17
VisualStudioVersion = 17.8.34525.116
MinimumVisualStudioVersion = 10.0.40219.1
Project("{FAE04EC0-301F-11D3-BF4B-00C04F79EFBC}") = "memory-representation", "c-sharp-string\memory-representation.csproj", "{14044390-5596-44C4-8AD6-CB680731A7B0}"
EndProject
Project("{FAE04EC0-301F-11D3-BF4B-00C04F79EFBC}") = "string-literal", "string-literal\string-literal.csproj", "{D45091EC-89A2-4010-A550-4F1F776DE0EA}"
EndProject
Project("{FAE04EC0-301F-11D3-BF4B-00C04F79EFBC}") = "string-concatenation", "string-concatenation\string-concatenation.csproj", "{0CCE0904-44C3-445D-9224-9780C372CB16}"
EndProject
Global
	GlobalSection(SolutionConfigurationPlatforms) = preSolution
		Debug|Any CPU = Debug|Any CPU
		Release|Any CPU = Release|Any CPU
	EndGlobalSection
	GlobalSection(ProjectConfigurationPlatforms) = postSolution
		{14044390-5596-44C4-8AD6-CB680731A7B0}.Debug|Any CPU.ActiveCfg = Debug|Any CPU
		{14044390-5596-44C4-8AD6-CB680731A7B0}.Debug|Any CPU.Build.0 = Debug|Any CPU
		{14044390-5596-44C4-8AD6-CB680731A7B0}.Release|Any CPU.ActiveCfg = Release|Any CPU
		{14044390-5596-44C4-8AD6-CB680731A7B0}.Release|Any CPU.Build.0 = Release|Any CPU
		{D45091EC-89A2-4010-A550-4F1F776DE0EA}.Debug|Any CPU.ActiveCfg = Debug|Any CPU
		{D45091EC-89A2-4010-A550-4F1F776DE0EA}.Debug|Any CPU.Build.0 = Debug|Any CPU
		{D45091EC-89A2-4010-A550-4F1F776DE0EA}.Release|Any CPU.ActiveCfg = Release|Any CPU
		{D45091EC-89A2-4010-A550-4F1F776DE0EA}.Release|Any CPU.Build.0 = Release|Any CPU
		{0CCE0904-44C3-445D-9224-9780C372CB16}.Debug|Any CPU.ActiveCfg = Debug|Any CPU
		{0CCE0904-44C3-445D-9224-9780C372CB16}.Debug|Any CPU.Build.0 = Debug|Any CPU
		{0CCE0904-44C3-445D-9224-9780C372CB16}.Release|Any CPU.ActiveCfg = Release|Any CPU
		{0CCE0904-44C3-445D-9224-9780C372CB16}.Release|Any CPU.Build.0 = Release|Any CPU
	EndGlobalSection
	GlobalSection(SolutionProperties) = preSolution
		HideSolutionNode = FALSE
	EndGlobalSection
	GlobalSection(ExtensibilityGlobals) = postSolution
		SolutionGuid = {A5BD27E8-544E-4F37-A510-ACB94836F9BA}
	EndGlobalSection
EndGlobal
